
Microsoft Visual Studio Solution File, Format Version 12.00
# Visual Studio Version 17
VisualStudioVersion = 17.4.33205.214
MinimumVisualStudioVersion = 10.0.40219.1
Project("{9A19103F-16F7-4668-BE54-9A1E7A4F7556}") = "Rokys.Audit.WebAPI", "Rokys.Audit.WebAPI\Rokys.Audit.WebAPI.csproj", "{C5EA919D-345D-4BE2-8AB8-405B36B93144}"
EndProject
Project("{2150E333-8FDC-42A3-9474-1A3956D46DE8}") = "0. DataBase", "0. DataBase", "{EA7E3E05-AE6B-4FB0-A37D-0CBD02DCB1BA}"
EndProject
Project("{2150E333-8FDC-42A3-9474-1A3956D46DE8}") = "1. Presentation Layer", "1. Presentation Layer", "{D14E4D3A-E398-4286-88EF-E1BBC8D22E36}"
EndProject
Project("{2150E333-8FDC-42A3-9474-1A3956D46DE8}") = "2. Application Layer", "2. Application Layer", "{7292F4D9-E591-4326-89F4-5A9A44E72D6D}"
EndProject
Project("{9A19103F-16F7-4668-BE54-9A1E7A4F7556}") = "Rokys.Audit.DTOs", "Rokys.Audit.DTOs\Rokys.Audit.DTOs.csproj", "{70E683F0-1AB3-44C6-800C-AD0B681AAC48}"
EndProject
Project("{2150E333-8FDC-42A3-9474-1A3956D46DE8}") = "3. Service Layer", "3. Service Layer", "{4D6C7F8D-6C8D-4442-94E3-5F1A5F5F10D8}"
EndProject
Project("{2150E333-8FDC-42A3-9474-1A3956D46DE8}") = "4. Domain Layer", "4. Domain Layer", "{D42FE968-04E5-486B-9026-316DE9B16D1F}"
EndProject
Project("{2150E333-8FDC-42A3-9474-1A3956D46DE8}") = "5. Infraestructure Layer", "5. Infraestructure Layer", "{26F38939-3C22-427A-A568-9A1CCC9E9D74}"
EndProject
Project("{2150E333-8FDC-42A3-9474-1A3956D46DE8}") = "6. Cross Cutting Layer", "6. Cross Cutting Layer", "{B10D9EAB-BF6E-4C73-90F1-3704A22C21BB}"
EndProject
Project("{9A19103F-16F7-4668-BE54-9A1E7A4F7556}") = "Rokys.Audit.Services", "Rokys.Audit.Services\Rokys.Audit.Services.csproj", "{8074FF0E-7EB6-48C1-9DBB-E30B7B613F5C}"
EndProject
Project("{9A19103F-16F7-4668-BE54-9A1E7A4F7556}") = "Rokys.Audit.Services.Interfaces", "Rokys.Audit.Services.Interfaces\Rokys.Audit.Services.Interfaces.csproj", "{F13C3ED0-EDD2-4984-A8AB-EF1E50866674}"
EndProject
Project("{9A19103F-16F7-4668-BE54-9A1E7A4F7556}") = "Rokys.Audit.Model", "Rokys.Audit.Model\Rokys.Audit.Model.csproj", "{DBC3A0A6-2A03-4495-A06B-08B9DDDFC3F4}"
EndProject
Project("{9A19103F-16F7-4668-BE54-9A1E7A4F7556}") = "Rokys.Audit.Infrastructure", "Rokys.Audit.Infrastructure\Rokys.Audit.Infrastructure.csproj", "{A1627D86-0603-4FCB-8EF4-67F61FDD8BFF}"
EndProject
Project("{9A19103F-16F7-4668-BE54-9A1E7A4F7556}") = "Rokys.Audit.Infrastructure.Mapping.AM", "Rokys.Audit.Infrastructure.Mapping.AM\Rokys.Audit.Infrastructure.Mapping.AM.csproj", "{3BFA658B-05C4-4EC3-A634-C9DEB8967194}"
EndProject
Project("{9A19103F-16F7-4668-BE54-9A1E7A4F7556}") = "Rokys.Audit.Infrastructure.Persistence", "Rokys.Audit.Infrastructure.Persistence\Rokys.Audit.Infrastructure.Persistence.csproj", "{43FDBD29-63D6-474F-BF99-FE6E088A3394}"
EndProject
Project("{9A19103F-16F7-4668-BE54-9A1E7A4F7556}") = "Rokys.Audit.Infrastructure.Persistence.EF", "Rokys.Audit.Infrastructure.Persistence.EF\Rokys.Audit.Infrastructure.Persistence.EF.csproj", "{4B900F06-9E8B-4F9A-AAF4-EB6A3C08631D}"
EndProject
Project("{9A19103F-16F7-4668-BE54-9A1E7A4F7556}") = "Rokys.Audit.Common", "Rokys.Audit.Common\Rokys.Audit.Common.csproj", "{82C68B53-CF7C-4635-A5E5-E83CD819305B}"
EndProject
Project("{9A19103F-16F7-4668-BE54-9A1E7A4F7556}") = "Rokys.Audit.Globalization", "Rokys.Audit.Globalization\Rokys.Audit.Globalization.csproj", "{85417AF6-50A5-4387-9F3E-5DB3E76889EC}"
EndProject
Project("{2150E333-8FDC-42A3-9474-1A3956D46DE8}") = "Solution Items", "Solution Items", "{C92BA89A-831B-4BE6-9057-12F6BC3F986C}"
	ProjectSection(SolutionItems) = preProject
		.editorconfig = .editorconfig
	EndProjectSection
EndProject
Project("{9A19103F-16F7-4668-BE54-9A1E7A4F7556}") = "Rokys.Audit.DataBase", "Rokys.Audit.DataBase\Rokys.Audit.DataBase.csproj", "{8CC19201-C6DF-4206-AE9A-0C580A33D09F}"
EndProject
Project("{2150E333-8FDC-42A3-9474-1A3956D46DE8}") = "7. External services", "7. External services", "{0072268A-9495-4239-81CD-924943CC74EF}"
EndProject
Project("{9A19103F-16F7-4668-BE54-9A1E7A4F7556}") = "Rokys.Audit.External.Services", "Rokys.Audit.External.Services\Rokys.Audit.External.Services.csproj", "{EFD24323-5916-4D79-AFCE-0D39E666347D}"
EndProject
Project("{9A19103F-16F7-4668-BE54-9A1E7A4F7556}") = "Rokys.Audit.External.Services.Interfaces", "Rokys.Audit.External.Services.Interfaces\Rokys.Audit.External.Services.Interfaces.csproj", "{9076043D-53E9-4295-96D2-E0A590D35B91}"
EndProject
Project("{9A19103F-16F7-4668-BE54-9A1E7A4F7556}") = "Rokys.Audit.Infrastructure.Persistence.Dp", "Rokys.Audit.Infrastructure.Persistence.Dp\Rokys.Audit.Infrastructure.Persistence.Dp.csproj", "{36990870-1ECA-4752-BB2B-FC65F89F0BCA}"
EndProject
Project("{2150E333-8FDC-42A3-9474-1A3956D46DE8}") = "Elementos de la solución", "Elementos de la solución", "{97063CFB-2FF9-4FAF-A968-E9AA919C8BAF}"
	ProjectSection(SolutionItems) = preProject
		global.json = global.json
	EndProjectSection
EndProject
Project("{FAE04EC0-301F-11D3-BF4B-00C04F79EFBC}") = "Rokys.Audit.Subscription.Hub", "Rokys.Audit.Subscription.Hub\Rokys.Audit.Subscription.Hub.csproj", "{7C070DC5-4B2D-5045-A2AD-6F657A060C3D}"
EndProject
Project("{FAE04EC0-301F-11D3-BF4B-00C04F79EFBC}") = "Ruway.Events.Command", "..\ruway-rabbitmq-events-shared\Ruway.Events.Command\Ruway.Events.Command.csproj", "{EE56C8D4-498B-4AD8-BC24-BC79D93BFE8C}"
EndProject
Project("{FAE04EC0-301F-11D3-BF4B-00C04F79EFBC}") = "Ruway.Events.Command.Interfaces", "..\ruway-rabbitmq-events-shared\Ruway.Events.Command.Interfaces\Ruway.Events.Command.Interfaces.csproj", "{6E6FD6C9-525C-4A38-8DC2-A0DDFB67144F}"
EndProject
Global
	GlobalSection(SolutionConfigurationPlatforms) = preSolution
		Debug|Any CPU = Debug|Any CPU
		Debug|x64 = Debug|x64
		Debug|x86 = Debug|x86
		Release|Any CPU = Release|Any CPU
		Release|x64 = Release|x64
		Release|x86 = Release|x86
	EndGlobalSection
	GlobalSection(ProjectConfigurationPlatforms) = postSolution
		{C5EA919D-345D-4BE2-8AB8-405B36B93144}.Debug|Any CPU.ActiveCfg = Debug|Any CPU
		{C5EA919D-345D-4BE2-8AB8-405B36B93144}.Debug|Any CPU.Build.0 = Debug|Any CPU
		{C5EA919D-345D-4BE2-8AB8-405B36B93144}.Debug|x64.ActiveCfg = Debug|Any CPU
		{C5EA919D-345D-4BE2-8AB8-405B36B93144}.Debug|x64.Build.0 = Debug|Any CPU
		{C5EA919D-345D-4BE2-8AB8-405B36B93144}.Debug|x86.ActiveCfg = Debug|Any CPU
		{C5EA919D-345D-4BE2-8AB8-405B36B93144}.Debug|x86.Build.0 = Debug|Any CPU
		{C5EA919D-345D-4BE2-8AB8-405B36B93144}.Release|Any CPU.ActiveCfg = Release|Any CPU
		{C5EA919D-345D-4BE2-8AB8-405B36B93144}.Release|Any CPU.Build.0 = Release|Any CPU
		{C5EA919D-345D-4BE2-8AB8-405B36B93144}.Release|x64.ActiveCfg = Release|Any CPU
		{C5EA919D-345D-4BE2-8AB8-405B36B93144}.Release|x64.Build.0 = Release|Any CPU
		{C5EA919D-345D-4BE2-8AB8-405B36B93144}.Release|x86.ActiveCfg = Release|Any CPU
		{C5EA919D-345D-4BE2-8AB8-405B36B93144}.Release|x86.Build.0 = Release|Any CPU
		{70E683F0-1AB3-44C6-800C-AD0B681AAC48}.Debug|Any CPU.ActiveCfg = Debug|Any CPU
		{70E683F0-1AB3-44C6-800C-AD0B681AAC48}.Debug|Any CPU.Build.0 = Debug|Any CPU
		{70E683F0-1AB3-44C6-800C-AD0B681AAC48}.Debug|x64.ActiveCfg = Debug|Any CPU
		{70E683F0-1AB3-44C6-800C-AD0B681AAC48}.Debug|x64.Build.0 = Debug|Any CPU
		{70E683F0-1AB3-44C6-800C-AD0B681AAC48}.Debug|x86.ActiveCfg = Debug|Any CPU
		{70E683F0-1AB3-44C6-800C-AD0B681AAC48}.Debug|x86.Build.0 = Debug|Any CPU
		{70E683F0-1AB3-44C6-800C-AD0B681AAC48}.Release|Any CPU.ActiveCfg = Release|Any CPU
		{70E683F0-1AB3-44C6-800C-AD0B681AAC48}.Release|Any CPU.Build.0 = Release|Any CPU
		{70E683F0-1AB3-44C6-800C-AD0B681AAC48}.Release|x64.ActiveCfg = Release|Any CPU
		{70E683F0-1AB3-44C6-800C-AD0B681AAC48}.Release|x64.Build.0 = Release|Any CPU
		{70E683F0-1AB3-44C6-800C-AD0B681AAC48}.Release|x86.ActiveCfg = Release|Any CPU
		{70E683F0-1AB3-44C6-800C-AD0B681AAC48}.Release|x86.Build.0 = Release|Any CPU
		{8074FF0E-7EB6-48C1-9DBB-E30B7B613F5C}.Debug|Any CPU.ActiveCfg = Debug|Any CPU
		{8074FF0E-7EB6-48C1-9DBB-E30B7B613F5C}.Debug|Any CPU.Build.0 = Debug|Any CPU
		{8074FF0E-7EB6-48C1-9DBB-E30B7B613F5C}.Debug|x64.ActiveCfg = Debug|Any CPU
		{8074FF0E-7EB6-48C1-9DBB-E30B7B613F5C}.Debug|x64.Build.0 = Debug|Any CPU
		{8074FF0E-7EB6-48C1-9DBB-E30B7B613F5C}.Debug|x86.ActiveCfg = Debug|Any CPU
		{8074FF0E-7EB6-48C1-9DBB-E30B7B613F5C}.Debug|x86.Build.0 = Debug|Any CPU
		{8074FF0E-7EB6-48C1-9DBB-E30B7B613F5C}.Release|Any CPU.ActiveCfg = Release|Any CPU
		{8074FF0E-7EB6-48C1-9DBB-E30B7B613F5C}.Release|Any CPU.Build.0 = Release|Any CPU
		{8074FF0E-7EB6-48C1-9DBB-E30B7B613F5C}.Release|x64.ActiveCfg = Release|Any CPU
		{8074FF0E-7EB6-48C1-9DBB-E30B7B613F5C}.Release|x64.Build.0 = Release|Any CPU
		{8074FF0E-7EB6-48C1-9DBB-E30B7B613F5C}.Release|x86.ActiveCfg = Release|Any CPU
		{8074FF0E-7EB6-48C1-9DBB-E30B7B613F5C}.Release|x86.Build.0 = Release|Any CPU
		{F13C3ED0-EDD2-4984-A8AB-EF1E50866674}.Debug|Any CPU.ActiveCfg = Debug|Any CPU
		{F13C3ED0-EDD2-4984-A8AB-EF1E50866674}.Debug|Any CPU.Build.0 = Debug|Any CPU
		{F13C3ED0-EDD2-4984-A8AB-EF1E50866674}.Debug|x64.ActiveCfg = Debug|Any CPU
		{F13C3ED0-EDD2-4984-A8AB-EF1E50866674}.Debug|x64.Build.0 = Debug|Any CPU
		{F13C3ED0-EDD2-4984-A8AB-EF1E50866674}.Debug|x86.ActiveCfg = Debug|Any CPU
		{F13C3ED0-EDD2-4984-A8AB-EF1E50866674}.Debug|x86.Build.0 = Debug|Any CPU
		{F13C3ED0-EDD2-4984-A8AB-EF1E50866674}.Release|Any CPU.ActiveCfg = Release|Any CPU
		{F13C3ED0-EDD2-4984-A8AB-EF1E50866674}.Release|Any CPU.Build.0 = Release|Any CPU
		{F13C3ED0-EDD2-4984-A8AB-EF1E50866674}.Release|x64.ActiveCfg = Release|Any CPU
		{F13C3ED0-EDD2-4984-A8AB-EF1E50866674}.Release|x64.Build.0 = Release|Any CPU
		{F13C3ED0-EDD2-4984-A8AB-EF1E50866674}.Release|x86.ActiveCfg = Release|Any CPU
		{F13C3ED0-EDD2-4984-A8AB-EF1E50866674}.Release|x86.Build.0 = Release|Any CPU
		{DBC3A0A6-2A03-4495-A06B-08B9DDDFC3F4}.Debug|Any CPU.ActiveCfg = Debug|Any CPU
		{DBC3A0A6-2A03-4495-A06B-08B9DDDFC3F4}.Debug|Any CPU.Build.0 = Debug|Any CPU
		{DBC3A0A6-2A03-4495-A06B-08B9DDDFC3F4}.Debug|x64.ActiveCfg = Debug|Any CPU
		{DBC3A0A6-2A03-4495-A06B-08B9DDDFC3F4}.Debug|x64.Build.0 = Debug|Any CPU
		{DBC3A0A6-2A03-4495-A06B-08B9DDDFC3F4}.Debug|x86.ActiveCfg = Debug|Any CPU
		{DBC3A0A6-2A03-4495-A06B-08B9DDDFC3F4}.Debug|x86.Build.0 = Debug|Any CPU
		{DBC3A0A6-2A03-4495-A06B-08B9DDDFC3F4}.Release|Any CPU.ActiveCfg = Release|Any CPU
		{DBC3A0A6-2A03-4495-A06B-08B9DDDFC3F4}.Release|Any CPU.Build.0 = Release|Any CPU
		{DBC3A0A6-2A03-4495-A06B-08B9DDDFC3F4}.Release|x64.ActiveCfg = Release|Any CPU
		{DBC3A0A6-2A03-4495-A06B-08B9DDDFC3F4}.Release|x64.Build.0 = Release|Any CPU
		{DBC3A0A6-2A03-4495-A06B-08B9DDDFC3F4}.Release|x86.ActiveCfg = Release|Any CPU
		{DBC3A0A6-2A03-4495-A06B-08B9DDDFC3F4}.Release|x86.Build.0 = Release|Any CPU
		{A1627D86-0603-4FCB-8EF4-67F61FDD8BFF}.Debug|Any CPU.ActiveCfg = Debug|Any CPU
		{A1627D86-0603-4FCB-8EF4-67F61FDD8BFF}.Debug|Any CPU.Build.0 = Debug|Any CPU
		{A1627D86-0603-4FCB-8EF4-67F61FDD8BFF}.Debug|x64.ActiveCfg = Debug|Any CPU
		{A1627D86-0603-4FCB-8EF4-67F61FDD8BFF}.Debug|x64.Build.0 = Debug|Any CPU
		{A1627D86-0603-4FCB-8EF4-67F61FDD8BFF}.Debug|x86.ActiveCfg = Debug|Any CPU
		{A1627D86-0603-4FCB-8EF4-67F61FDD8BFF}.Debug|x86.Build.0 = Debug|Any CPU
		{A1627D86-0603-4FCB-8EF4-67F61FDD8BFF}.Release|Any CPU.ActiveCfg = Release|Any CPU
		{A1627D86-0603-4FCB-8EF4-67F61FDD8BFF}.Release|Any CPU.Build.0 = Release|Any CPU
		{A1627D86-0603-4FCB-8EF4-67F61FDD8BFF}.Release|x64.ActiveCfg = Release|Any CPU
		{A1627D86-0603-4FCB-8EF4-67F61FDD8BFF}.Release|x64.Build.0 = Release|Any CPU
		{A1627D86-0603-4FCB-8EF4-67F61FDD8BFF}.Release|x86.ActiveCfg = Release|Any CPU
		{A1627D86-0603-4FCB-8EF4-67F61FDD8BFF}.Release|x86.Build.0 = Release|Any CPU
		{3BFA658B-05C4-4EC3-A634-C9DEB8967194}.Debug|Any CPU.ActiveCfg = Debug|Any CPU
		{3BFA658B-05C4-4EC3-A634-C9DEB8967194}.Debug|Any CPU.Build.0 = Debug|Any CPU
		{3BFA658B-05C4-4EC3-A634-C9DEB8967194}.Debug|x64.ActiveCfg = Debug|Any CPU
		{3BFA658B-05C4-4EC3-A634-C9DEB8967194}.Debug|x64.Build.0 = Debug|Any CPU
		{3BFA658B-05C4-4EC3-A634-C9DEB8967194}.Debug|x86.ActiveCfg = Debug|Any CPU
		{3BFA658B-05C4-4EC3-A634-C9DEB8967194}.Debug|x86.Build.0 = Debug|Any CPU
		{3BFA658B-05C4-4EC3-A634-C9DEB8967194}.Release|Any CPU.ActiveCfg = Release|Any CPU
		{3BFA658B-05C4-4EC3-A634-C9DEB8967194}.Release|Any CPU.Build.0 = Release|Any CPU
		{3BFA658B-05C4-4EC3-A634-C9DEB8967194}.Release|x64.ActiveCfg = Release|Any CPU
		{3BFA658B-05C4-4EC3-A634-C9DEB8967194}.Release|x64.Build.0 = Release|Any CPU
		{3BFA658B-05C4-4EC3-A634-C9DEB8967194}.Release|x86.ActiveCfg = Release|Any CPU
		{3BFA658B-05C4-4EC3-A634-C9DEB8967194}.Release|x86.Build.0 = Release|Any CPU
		{43FDBD29-63D6-474F-BF99-FE6E088A3394}.Debug|Any CPU.ActiveCfg = Debug|Any CPU
		{43FDBD29-63D6-474F-BF99-FE6E088A3394}.Debug|Any CPU.Build.0 = Debug|Any CPU
		{43FDBD29-63D6-474F-BF99-FE6E088A3394}.Debug|x64.ActiveCfg = Debug|Any CPU
		{43FDBD29-63D6-474F-BF99-FE6E088A3394}.Debug|x64.Build.0 = Debug|Any CPU
		{43FDBD29-63D6-474F-BF99-FE6E088A3394}.Debug|x86.ActiveCfg = Debug|Any CPU
		{43FDBD29-63D6-474F-BF99-FE6E088A3394}.Debug|x86.Build.0 = Debug|Any CPU
		{43FDBD29-63D6-474F-BF99-FE6E088A3394}.Release|Any CPU.ActiveCfg = Release|Any CPU
		{43FDBD29-63D6-474F-BF99-FE6E088A3394}.Release|Any CPU.Build.0 = Release|Any CPU
		{43FDBD29-63D6-474F-BF99-FE6E088A3394}.Release|x64.ActiveCfg = Release|Any CPU
		{43FDBD29-63D6-474F-BF99-FE6E088A3394}.Release|x64.Build.0 = Release|Any CPU
		{43FDBD29-63D6-474F-BF99-FE6E088A3394}.Release|x86.ActiveCfg = Release|Any CPU
		{43FDBD29-63D6-474F-BF99-FE6E088A3394}.Release|x86.Build.0 = Release|Any CPU
		{4B900F06-9E8B-4F9A-AAF4-EB6A3C08631D}.Debug|Any CPU.ActiveCfg = Debug|Any CPU
		{4B900F06-9E8B-4F9A-AAF4-EB6A3C08631D}.Debug|Any CPU.Build.0 = Debug|Any CPU
		{4B900F06-9E8B-4F9A-AAF4-EB6A3C08631D}.Debug|x64.ActiveCfg = Debug|Any CPU
		{4B900F06-9E8B-4F9A-AAF4-EB6A3C08631D}.Debug|x64.Build.0 = Debug|Any CPU
		{4B900F06-9E8B-4F9A-AAF4-EB6A3C08631D}.Debug|x86.ActiveCfg = Debug|Any CPU
		{4B900F06-9E8B-4F9A-AAF4-EB6A3C08631D}.Debug|x86.Build.0 = Debug|Any CPU
		{4B900F06-9E8B-4F9A-AAF4-EB6A3C08631D}.Release|Any CPU.ActiveCfg = Release|Any CPU
		{4B900F06-9E8B-4F9A-AAF4-EB6A3C08631D}.Release|Any CPU.Build.0 = Release|Any CPU
		{4B900F06-9E8B-4F9A-AAF4-EB6A3C08631D}.Release|x64.ActiveCfg = Release|Any CPU
		{4B900F06-9E8B-4F9A-AAF4-EB6A3C08631D}.Release|x64.Build.0 = Release|Any CPU
		{4B900F06-9E8B-4F9A-AAF4-EB6A3C08631D}.Release|x86.ActiveCfg = Release|Any CPU
		{4B900F06-9E8B-4F9A-AAF4-EB6A3C08631D}.Release|x86.Build.0 = Release|Any CPU
		{82C68B53-CF7C-4635-A5E5-E83CD819305B}.Debug|Any CPU.ActiveCfg = Debug|Any CPU
		{82C68B53-CF7C-4635-A5E5-E83CD819305B}.Debug|Any CPU.Build.0 = Debug|Any CPU
		{82C68B53-CF7C-4635-A5E5-E83CD819305B}.Debug|x64.ActiveCfg = Debug|Any CPU
		{82C68B53-CF7C-4635-A5E5-E83CD819305B}.Debug|x64.Build.0 = Debug|Any CPU
		{82C68B53-CF7C-4635-A5E5-E83CD819305B}.Debug|x86.ActiveCfg = Debug|Any CPU
		{82C68B53-CF7C-4635-A5E5-E83CD819305B}.Debug|x86.Build.0 = Debug|Any CPU
		{82C68B53-CF7C-4635-A5E5-E83CD819305B}.Release|Any CPU.ActiveCfg = Release|Any CPU
		{82C68B53-CF7C-4635-A5E5-E83CD819305B}.Release|Any CPU.Build.0 = Release|Any CPU
		{82C68B53-CF7C-4635-A5E5-E83CD819305B}.Release|x64.ActiveCfg = Release|Any CPU
		{82C68B53-CF7C-4635-A5E5-E83CD819305B}.Release|x64.Build.0 = Release|Any CPU
		{82C68B53-CF7C-4635-A5E5-E83CD819305B}.Release|x86.ActiveCfg = Release|Any CPU
		{82C68B53-CF7C-4635-A5E5-E83CD819305B}.Release|x86.Build.0 = Release|Any CPU
		{85417AF6-50A5-4387-9F3E-5DB3E76889EC}.Debug|Any CPU.ActiveCfg = Debug|Any CPU
		{85417AF6-50A5-4387-9F3E-5DB3E76889EC}.Debug|Any CPU.Build.0 = Debug|Any CPU
		{85417AF6-50A5-4387-9F3E-5DB3E76889EC}.Debug|x64.ActiveCfg = Debug|Any CPU
		{85417AF6-50A5-4387-9F3E-5DB3E76889EC}.Debug|x64.Build.0 = Debug|Any CPU
		{85417AF6-50A5-4387-9F3E-5DB3E76889EC}.Debug|x86.ActiveCfg = Debug|Any CPU
		{85417AF6-50A5-4387-9F3E-5DB3E76889EC}.Debug|x86.Build.0 = Debug|Any CPU
		{85417AF6-50A5-4387-9F3E-5DB3E76889EC}.Release|Any CPU.ActiveCfg = Release|Any CPU
		{85417AF6-50A5-4387-9F3E-5DB3E76889EC}.Release|Any CPU.Build.0 = Release|Any CPU
		{85417AF6-50A5-4387-9F3E-5DB3E76889EC}.Release|x64.ActiveCfg = Release|Any CPU
		{85417AF6-50A5-4387-9F3E-5DB3E76889EC}.Release|x64.Build.0 = Release|Any CPU
		{85417AF6-50A5-4387-9F3E-5DB3E76889EC}.Release|x86.ActiveCfg = Release|Any CPU
		{85417AF6-50A5-4387-9F3E-5DB3E76889EC}.Release|x86.Build.0 = Release|Any CPU
		{8CC19201-C6DF-4206-AE9A-0C580A33D09F}.Debug|Any CPU.ActiveCfg = Debug|Any CPU
		{8CC19201-C6DF-4206-AE9A-0C580A33D09F}.Debug|Any CPU.Build.0 = Debug|Any CPU
		{8CC19201-C6DF-4206-AE9A-0C580A33D09F}.Debug|x64.ActiveCfg = Debug|Any CPU
		{8CC19201-C6DF-4206-AE9A-0C580A33D09F}.Debug|x64.Build.0 = Debug|Any CPU
		{8CC19201-C6DF-4206-AE9A-0C580A33D09F}.Debug|x86.ActiveCfg = Debug|Any CPU
		{8CC19201-C6DF-4206-AE9A-0C580A33D09F}.Debug|x86.Build.0 = Debug|Any CPU
		{8CC19201-C6DF-4206-AE9A-0C580A33D09F}.Release|Any CPU.ActiveCfg = Release|Any CPU
		{8CC19201-C6DF-4206-AE9A-0C580A33D09F}.Release|Any CPU.Build.0 = Release|Any CPU
		{8CC19201-C6DF-4206-AE9A-0C580A33D09F}.Release|x64.ActiveCfg = Release|Any CPU
		{8CC19201-C6DF-4206-AE9A-0C580A33D09F}.Release|x64.Build.0 = Release|Any CPU
		{8CC19201-C6DF-4206-AE9A-0C580A33D09F}.Release|x86.ActiveCfg = Release|Any CPU
		{8CC19201-C6DF-4206-AE9A-0C580A33D09F}.Release|x86.Build.0 = Release|Any CPU
		{EFD24323-5916-4D79-AFCE-0D39E666347D}.Debug|Any CPU.ActiveCfg = Debug|Any CPU
		{EFD24323-5916-4D79-AFCE-0D39E666347D}.Debug|Any CPU.Build.0 = Debug|Any CPU
		{EFD24323-5916-4D79-AFCE-0D39E666347D}.Debug|x64.ActiveCfg = Debug|Any CPU
		{EFD24323-5916-4D79-AFCE-0D39E666347D}.Debug|x64.Build.0 = Debug|Any CPU
		{EFD24323-5916-4D79-AFCE-0D39E666347D}.Debug|x86.ActiveCfg = Debug|Any CPU
		{EFD24323-5916-4D79-AFCE-0D39E666347D}.Debug|x86.Build.0 = Debug|Any CPU
		{EFD24323-5916-4D79-AFCE-0D39E666347D}.Release|Any CPU.ActiveCfg = Release|Any CPU
		{EFD24323-5916-4D79-AFCE-0D39E666347D}.Release|Any CPU.Build.0 = Release|Any CPU
		{EFD24323-5916-4D79-AFCE-0D39E666347D}.Release|x64.ActiveCfg = Release|Any CPU
		{EFD24323-5916-4D79-AFCE-0D39E666347D}.Release|x64.Build.0 = Release|Any CPU
		{EFD24323-5916-4D79-AFCE-0D39E666347D}.Release|x86.ActiveCfg = Release|Any CPU
		{EFD24323-5916-4D79-AFCE-0D39E666347D}.Release|x86.Build.0 = Release|Any CPU
		{9076043D-53E9-4295-96D2-E0A590D35B91}.Debug|Any CPU.ActiveCfg = Debug|Any CPU
		{9076043D-53E9-4295-96D2-E0A590D35B91}.Debug|Any CPU.Build.0 = Debug|Any CPU
		{9076043D-53E9-4295-96D2-E0A590D35B91}.Debug|x64.ActiveCfg = Debug|Any CPU
		{9076043D-53E9-4295-96D2-E0A590D35B91}.Debug|x64.Build.0 = Debug|Any CPU
		{9076043D-53E9-4295-96D2-E0A590D35B91}.Debug|x86.ActiveCfg = Debug|Any CPU
		{9076043D-53E9-4295-96D2-E0A590D35B91}.Debug|x86.Build.0 = Debug|Any CPU
		{9076043D-53E9-4295-96D2-E0A590D35B91}.Release|Any CPU.ActiveCfg = Release|Any CPU
		{9076043D-53E9-4295-96D2-E0A590D35B91}.Release|Any CPU.Build.0 = Release|Any CPU
		{9076043D-53E9-4295-96D2-E0A590D35B91}.Release|x64.ActiveCfg = Release|Any CPU
		{9076043D-53E9-4295-96D2-E0A590D35B91}.Release|x64.Build.0 = Release|Any CPU
		{9076043D-53E9-4295-96D2-E0A590D35B91}.Release|x86.ActiveCfg = Release|Any CPU
		{9076043D-53E9-4295-96D2-E0A590D35B91}.Release|x86.Build.0 = Release|Any CPU
		{36990870-1ECA-4752-BB2B-FC65F89F0BCA}.Debug|Any CPU.ActiveCfg = Debug|Any CPU
		{36990870-1ECA-4752-BB2B-FC65F89F0BCA}.Debug|Any CPU.Build.0 = Debug|Any CPU
		{36990870-1ECA-4752-BB2B-FC65F89F0BCA}.Debug|x64.ActiveCfg = Debug|Any CPU
		{36990870-1ECA-4752-BB2B-FC65F89F0BCA}.Debug|x64.Build.0 = Debug|Any CPU
		{36990870-1ECA-4752-BB2B-FC65F89F0BCA}.Debug|x86.ActiveCfg = Debug|Any CPU
		{36990870-1ECA-4752-BB2B-FC65F89F0BCA}.Debug|x86.Build.0 = Debug|Any CPU
		{36990870-1ECA-4752-BB2B-FC65F89F0BCA}.Release|Any CPU.ActiveCfg = Release|Any CPU
		{36990870-1ECA-4752-BB2B-FC65F89F0BCA}.Release|Any CPU.Build.0 = Release|Any CPU
		{36990870-1ECA-4752-BB2B-FC65F89F0BCA}.Release|x64.ActiveCfg = Release|Any CPU
		{36990870-1ECA-4752-BB2B-FC65F89F0BCA}.Release|x64.Build.0 = Release|Any CPU
		{36990870-1ECA-4752-BB2B-FC65F89F0BCA}.Release|x86.ActiveCfg = Release|Any CPU
		{36990870-1ECA-4752-BB2B-FC65F89F0BCA}.Release|x86.Build.0 = Release|Any CPU
		{7C070DC5-4B2D-5045-A2AD-6F657A060C3D}.Debug|Any CPU.ActiveCfg = Debug|Any CPU
		{7C070DC5-4B2D-5045-A2AD-6F657A060C3D}.Debug|Any CPU.Build.0 = Debug|Any CPU
		{7C070DC5-4B2D-5045-A2AD-6F657A060C3D}.Debug|x64.ActiveCfg = Debug|Any CPU
		{7C070DC5-4B2D-5045-A2AD-6F657A060C3D}.Debug|x64.Build.0 = Debug|Any CPU
		{7C070DC5-4B2D-5045-A2AD-6F657A060C3D}.Debug|x86.ActiveCfg = Debug|Any CPU
		{7C070DC5-4B2D-5045-A2AD-6F657A060C3D}.Debug|x86.Build.0 = Debug|Any CPU
		{7C070DC5-4B2D-5045-A2AD-6F657A060C3D}.Release|Any CPU.ActiveCfg = Release|Any CPU
		{7C070DC5-4B2D-5045-A2AD-6F657A060C3D}.Release|Any CPU.Build.0 = Release|Any CPU
		{7C070DC5-4B2D-5045-A2AD-6F657A060C3D}.Release|x64.ActiveCfg = Release|Any CPU
		{7C070DC5-4B2D-5045-A2AD-6F657A060C3D}.Release|x64.Build.0 = Release|Any CPU
		{7C070DC5-4B2D-5045-A2AD-6F657A060C3D}.Release|x86.ActiveCfg = Release|Any CPU
		{7C070DC5-4B2D-5045-A2AD-6F657A060C3D}.Release|x86.Build.0 = Release|Any CPU
		{EE56C8D4-498B-4AD8-BC24-BC79D93BFE8C}.Debug|Any CPU.ActiveCfg = Debug|Any CPU
		{EE56C8D4-498B-4AD8-BC24-BC79D93BFE8C}.Debug|Any CPU.Build.0 = Debug|Any CPU
		{EE56C8D4-498B-4AD8-BC24-BC79D93BFE8C}.Debug|x64.ActiveCfg = Debug|Any CPU
		{EE56C8D4-498B-4AD8-BC24-BC79D93BFE8C}.Debug|x64.Build.0 = Debug|Any CPU
		{EE56C8D4-498B-4AD8-BC24-BC79D93BFE8C}.Debug|x86.ActiveCfg = Debug|Any CPU
		{EE56C8D4-498B-4AD8-BC24-BC79D93BFE8C}.Debug|x86.Build.0 = Debug|Any CPU
		{EE56C8D4-498B-4AD8-BC24-BC79D93BFE8C}.Release|Any CPU.ActiveCfg = Release|Any CPU
		{EE56C8D4-498B-4AD8-BC24-BC79D93BFE8C}.Release|Any CPU.Build.0 = Release|Any CPU
		{EE56C8D4-498B-4AD8-BC24-BC79D93BFE8C}.Release|x64.ActiveCfg = Release|Any CPU
		{EE56C8D4-498B-4AD8-BC24-BC79D93BFE8C}.Release|x64.Build.0 = Release|Any CPU
		{EE56C8D4-498B-4AD8-BC24-BC79D93BFE8C}.Release|x86.ActiveCfg = Release|Any CPU
		{EE56C8D4-498B-4AD8-BC24-BC79D93BFE8C}.Release|x86.Build.0 = Release|Any CPU
		{6E6FD6C9-525C-4A38-8DC2-A0DDFB67144F}.Debug|Any CPU.ActiveCfg = Debug|Any CPU
		{6E6FD6C9-525C-4A38-8DC2-A0DDFB67144F}.Debug|Any CPU.Build.0 = Debug|Any CPU
		{6E6FD6C9-525C-4A38-8DC2-A0DDFB67144F}.Debug|x64.ActiveCfg = Debug|Any CPU
		{6E6FD6C9-525C-4A38-8DC2-A0DDFB67144F}.Debug|x64.Build.0 = Debug|Any CPU
		{6E6FD6C9-525C-4A38-8DC2-A0DDFB67144F}.Debug|x86.ActiveCfg = Debug|Any CPU
		{6E6FD6C9-525C-4A38-8DC2-A0DDFB67144F}.Debug|x86.Build.0 = Debug|Any CPU
		{6E6FD6C9-525C-4A38-8DC2-A0DDFB67144F}.Release|Any CPU.ActiveCfg = Release|Any CPU
		{6E6FD6C9-525C-4A38-8DC2-A0DDFB67144F}.Release|Any CPU.Build.0 = Release|Any CPU
		{6E6FD6C9-525C-4A38-8DC2-A0DDFB67144F}.Release|x64.ActiveCfg = Release|Any CPU
		{6E6FD6C9-525C-4A38-8DC2-A0DDFB67144F}.Release|x64.Build.0 = Release|Any CPU
		{6E6FD6C9-525C-4A38-8DC2-A0DDFB67144F}.Release|x86.ActiveCfg = Release|Any CPU
		{6E6FD6C9-525C-4A38-8DC2-A0DDFB67144F}.Release|x86.Build.0 = Release|Any CPU
	EndGlobalSection
	GlobalSection(SolutionProperties) = preSolution
		HideSolutionNode = FALSE
	EndGlobalSection
	GlobalSection(NestedProjects) = preSolution
		{C5EA919D-345D-4BE2-8AB8-405B36B93144} = {7292F4D9-E591-4326-89F4-5A9A44E72D6D}
		{70E683F0-1AB3-44C6-800C-AD0B681AAC48} = {7292F4D9-E591-4326-89F4-5A9A44E72D6D}
		{8074FF0E-7EB6-48C1-9DBB-E30B7B613F5C} = {4D6C7F8D-6C8D-4442-94E3-5F1A5F5F10D8}
		{F13C3ED0-EDD2-4984-A8AB-EF1E50866674} = {4D6C7F8D-6C8D-4442-94E3-5F1A5F5F10D8}
		{DBC3A0A6-2A03-4495-A06B-08B9DDDFC3F4} = {D42FE968-04E5-486B-9026-316DE9B16D1F}
		{A1627D86-0603-4FCB-8EF4-67F61FDD8BFF} = {26F38939-3C22-427A-A568-9A1CCC9E9D74}
		{3BFA658B-05C4-4EC3-A634-C9DEB8967194} = {26F38939-3C22-427A-A568-9A1CCC9E9D74}
		{43FDBD29-63D6-474F-BF99-FE6E088A3394} = {26F38939-3C22-427A-A568-9A1CCC9E9D74}
		{4B900F06-9E8B-4F9A-AAF4-EB6A3C08631D} = {26F38939-3C22-427A-A568-9A1CCC9E9D74}
		{82C68B53-CF7C-4635-A5E5-E83CD819305B} = {B10D9EAB-BF6E-4C73-90F1-3704A22C21BB}
		{85417AF6-50A5-4387-9F3E-5DB3E76889EC} = {B10D9EAB-BF6E-4C73-90F1-3704A22C21BB}
		{8CC19201-C6DF-4206-AE9A-0C580A33D09F} = {EA7E3E05-AE6B-4FB0-A37D-0CBD02DCB1BA}
		{EFD24323-5916-4D79-AFCE-0D39E666347D} = {0072268A-9495-4239-81CD-924943CC74EF}
		{9076043D-53E9-4295-96D2-E0A590D35B91} = {0072268A-9495-4239-81CD-924943CC74EF}
		{36990870-1ECA-4752-BB2B-FC65F89F0BCA} = {26F38939-3C22-427A-A568-9A1CCC9E9D74}
	EndGlobalSection
	GlobalSection(ExtensibilityGlobals) = postSolution
		SolutionGuid = {E9E06944-81A7-4F15-BF50-2B81BE200014}
	EndGlobalSection
EndGlobal
